// !$*UTF8*$!
{
	archiveVersion = 1;
	classes = {
	};
	objectVersion = 46;
	objects = {

/* Begin PBXBuildFile section */
		62EE879C1BDF679900CDF865 /* main.m in Sources */ = {isa = PBXBuildFile; fileRef = 62EE879B1BDF679900CDF865 /* main.m */; };
		62EE879F1BDF679900CDF865 /* AppDelegate.m in Sources */ = {isa = PBXBuildFile; fileRef = 62EE879E1BDF679900CDF865 /* AppDelegate.m */; };
		62EE87A21BDF679900CDF865 /* ViewController.m in Sources */ = {isa = PBXBuildFile; fileRef = 62EE87A11BDF679900CDF865 /* ViewController.m */; };
		62EE87A51BDF679900CDF865 /* Main.storyboard in Resources */ = {isa = PBXBuildFile; fileRef = 62EE87A31BDF679900CDF865 /* Main.storyboard */; };
		62EE87A71BDF679900CDF865 /* Assets.xcassets in Resources */ = {isa = PBXBuildFile; fileRef = 62EE87A61BDF679900CDF865 /* Assets.xcassets */; };
		62EE87AA1BDF679900CDF865 /* LaunchScreen.storyboard in Resources */ = {isa = PBXBuildFile; fileRef = 62EE87A81BDF679900CDF865 /* LaunchScreen.storyboard */; };
		62EE87B51BDF679900CDF865 /* UIBezierPathTests.m in Sources */ = {isa = PBXBuildFile; fileRef = 62EE87B41BDF679900CDF865 /* UIBezierPathTests.m */; };
		62EE87C01BDF679900CDF865 /* UIBezierPathUITests.m in Sources */ = {isa = PBXBuildFile; fileRef = 62EE87BF1BDF679900CDF865 /* UIBezierPathUITests.m */; };
/* End PBXBuildFile section */

/* Begin PBXContainerItemProxy section */
		62EE87B11BDF679900CDF865 /* PBXContainerItemProxy */ = {
			isa = PBXContainerItemProxy;
			containerPortal = 62EE878F1BDF679900CDF865 /* Project object */;
			proxyType = 1;
			remoteGlobalIDString = 62EE87961BDF679900CDF865;
			remoteInfo = UIBezierPath;
		};
		62EE87BC1BDF679900CDF865 /* PBXContainerItemProxy */ = {
			isa = PBXContainerItemProxy;
			containerPortal = 62EE878F1BDF679900CDF865 /* Project object */;
			proxyType = 1;
			remoteGlobalIDString = 62EE87961BDF679900CDF865;
			remoteInfo = UIBezierPath;
		};
/* End PBXContainerItemProxy section */

/* Begin PBXFileReference section */
		62EE87971BDF679900CDF865 /* UIBezierPath.app */ = {isa = PBXFileReference; explicitFileType = wrapper.application; includeInIndex = 0; path = UIBezierPath.app; sourceTree = BUILT_PRODUCTS_DIR; };
		62EE879B1BDF679900CDF865 /* main.m */ = {isa = PBXFileReference; lastKnownFileType = sourcecode.c.objc; path = main.m; sourceTree = "<group>"; };
		62EE879D1BDF679900CDF865 /* AppDelegate.h */ = {isa = PBXFileReference; lastKnownFileType = sourcecode.c.h; path = AppDelegate.h; sourceTree = "<group>"; };
		62EE879E1BDF679900CDF865 /* AppDelegate.m */ = {isa = PBXFileReference; lastKnownFileType = sourcecode.c.objc; path = AppDelegate.m; sourceTree = "<group>"; };
		62EE87A01BDF679900CDF865 /* ViewController.h */ = {isa = PBXFileReference; lastKnownFileType = sourcecode.c.h; path = ViewController.h; sourceTree = "<group>"; };
		62EE87A11BDF679900CDF865 /* ViewController.m */ = {isa = PBXFileReference; lastKnownFileType = sourcecode.c.objc; path = ViewController.m; sourceTree = "<group>"; };
		62EE87A41BDF679900CDF865 /* Base */ = {isa = PBXFileReference; lastKnownFileType = file.storyboard; name = Base; path = Base.lproj/Main.storyboard; sourceTree = "<group>"; };
		62EE87A61BDF679900CDF865 /* Assets.xcassets */ = {isa = PBXFileReference; lastKnownFileType = folder.assetcatalog; path = Assets.xcassets; sourceTree = "<group>"; };
		62EE87A91BDF679900CDF865 /* Base */ = {isa = PBXFileReference; lastKnownFileType = file.storyboard; name = Base; path = Base.lproj/LaunchScreen.storyboard; sourceTree = "<group>"; };
		62EE87AB1BDF679900CDF865 /* Info.plist */ = {isa = PBXFileReference; lastKnownFileType = text.plist.xml; path = Info.plist; sourceTree = "<group>"; };
		62EE87B01BDF679900CDF865 /* UIBezierPathTests.xctest */ = {isa = PBXFileReference; explicitFileType = wrapper.cfbundle; includeInIndex = 0; path = UIBezierPathTests.xctest; sourceTree = BUILT_PRODUCTS_DIR; };
		62EE87B41BDF679900CDF865 /* UIBezierPathTests.m */ = {isa = PBXFileReference; lastKnownFileType = sourcecode.c.objc; path = UIBezierPathTests.m; sourceTree = "<group>"; };
		62EE87B61BDF679900CDF865 /* Info.plist */ = {isa = PBXFileReference; lastKnownFileType = text.plist.xml; path = Info.plist; sourceTree = "<group>"; };
		62EE87BB1BDF679900CDF865 /* UIBezierPathUITests.xctest */ = {isa = PBXFileReference; explicitFileType = wrapper.cfbundle; includeInIndex = 0; path = UIBezierPathUITests.xctest; sourceTree = BUILT_PRODUCTS_DIR; };
		62EE87BF1BDF679900CDF865 /* UIBezierPathUITests.m */ = {isa = PBXFileReference; lastKnownFileType = sourcecode.c.objc; path = UIBezierPathUITests.m; sourceTree = "<group>"; };
		62EE87C11BDF679900CDF865 /* Info.plist */ = {isa = PBXFileReference; lastKnownFileType = text.plist.xml; path = Info.plist; sourceTree = "<group>"; };
/* End PBXFileReference section */

/* Begin PBXFrameworksBuildPhase section */
		62EE87941BDF679900CDF865 /* Frameworks */ = {
			isa = PBXFrameworksBuildPhase;
			buildActionMask = 2147483647;
			files = (
			);
			runOnlyForDeploymentPostprocessing = 0;
		};
		62EE87AD1BDF679900CDF865 /* Frameworks */ = {
			isa = PBXFrameworksBuildPhase;
			buildActionMask = 2147483647;
			files = (
			);
			runOnlyForDeploymentPostprocessing = 0;
		};
		62EE87B81BDF679900CDF865 /* Frameworks */ = {
			isa = PBXFrameworksBuildPhase;
			buildActionMask = 2147483647;
			files = (
			);
			runOnlyForDeploymentPostprocessing = 0;
		};
/* End PBXFrameworksBuildPhase section */

/* Begin PBXGroup section */
		62EE878E1BDF679900CDF865 = {
			isa = PBXGroup;
			children = (
				62EE87991BDF679900CDF865 /* UIBezierPath */,
				62EE87B31BDF679900CDF865 /* UIBezierPathTests */,
				62EE87BE1BDF679900CDF865 /* UIBezierPathUITests */,
				62EE87981BDF679900CDF865 /* Products */,
			);
			sourceTree = "<group>";
		};
		62EE87981BDF679900CDF865 /* Products */ = {
			isa = PBXGroup;
			children = (
				62EE87971BDF679900CDF865 /* UIBezierPath.app */,
				62EE87B01BDF679900CDF865 /* UIBezierPathTests.xctest */,
				62EE87BB1BDF679900CDF865 /* UIBezierPathUITests.xctest */,
			);
			name = Products;
			sourceTree = "<group>";
		};
		62EE87991BDF679900CDF865 /* UIBezierPath */ = {
			isa = PBXGroup;
			children = (
				62EE879D1BDF679900CDF865 /* AppDelegate.h */,
				62EE879E1BDF679900CDF865 /* AppDelegate.m */,
				62EE87A01BDF679900CDF865 /* ViewController.h */,
				62EE87A11BDF679900CDF865 /* ViewController.m */,
				62EE87A31BDF679900CDF865 /* Main.storyboard */,
				62EE87A61BDF679900CDF865 /* Assets.xcassets */,
				62EE87A81BDF679900CDF865 /* LaunchScreen.storyboard */,
				62EE87AB1BDF679900CDF865 /* Info.plist */,
				62EE879A1BDF679900CDF865 /* Supporting Files */,
			);
			path = UIBezierPath;
			sourceTree = "<group>";
		};
		62EE879A1BDF679900CDF865 /* Supporting Files */ = {
			isa = PBXGroup;
			children = (
				62EE879B1BDF679900CDF865 /* main.m */,
			);
			name = "Supporting Files";
			sourceTree = "<group>";
		};
		62EE87B31BDF679900CDF865 /* UIBezierPathTests */ = {
			isa = PBXGroup;
			children = (
				62EE87B41BDF679900CDF865 /* UIBezierPathTests.m */,
				62EE87B61BDF679900CDF865 /* Info.plist */,
			);
			path = UIBezierPathTests;
			sourceTree = "<group>";
		};
		62EE87BE1BDF679900CDF865 /* UIBezierPathUITests */ = {
			isa = PBXGroup;
			children = (
				62EE87BF1BDF679900CDF865 /* UIBezierPathUITests.m */,
				62EE87C11BDF679900CDF865 /* Info.plist */,
			);
			path = UIBezierPathUITests;
			sourceTree = "<group>";
		};
/* End PBXGroup section */

/* Begin PBXNativeTarget section */
		62EE87961BDF679900CDF865 /* UIBezierPath */ = {
			isa = PBXNativeTarget;
			buildConfigurationList = 62EE87C41BDF679900CDF865 /* Build configuration list for PBXNativeTarget "UIBezierPath" */;
			buildPhases = (
				62EE87931BDF679900CDF865 /* Sources */,
				62EE87941BDF679900CDF865 /* Frameworks */,
				62EE87951BDF679900CDF865 /* Resources */,
			);
			buildRules = (
			);
			dependencies = (
			);
			name = UIBezierPath;
			productName = UIBezierPath;
			productReference = 62EE87971BDF679900CDF865 /* UIBezierPath.app */;
			productType = "com.apple.product-type.application";
		};
		62EE87AF1BDF679900CDF865 /* UIBezierPathTests */ = {
			isa = PBXNativeTarget;
			buildConfigurationList = 62EE87C71BDF679900CDF865 /* Build configuration list for PBXNativeTarget "UIBezierPathTests" */;
			buildPhases = (
				62EE87AC1BDF679900CDF865 /* Sources */,
				62EE87AD1BDF679900CDF865 /* Frameworks */,
				62EE87AE1BDF679900CDF865 /* Resources */,
			);
			buildRules = (
			);
			dependencies = (
				62EE87B21BDF679900CDF865 /* PBXTargetDependency */,
			);
			name = UIBezierPathTests;
			productName = UIBezierPathTests;
			productReference = 62EE87B01BDF679900CDF865 /* UIBezierPathTests.xctest */;
			productType = "com.apple.product-type.bundle.unit-test";
		};
		62EE87BA1BDF679900CDF865 /* UIBezierPathUITests */ = {
			isa = PBXNativeTarget;
			buildConfigurationList = 62EE87CA1BDF679900CDF865 /* Build configuration list for PBXNativeTarget "UIBezierPathUITests" */;
			buildPhases = (
				62EE87B71BDF679900CDF865 /* Sources */,
				62EE87B81BDF679900CDF865 /* Frameworks */,
				62EE87B91BDF679900CDF865 /* Resources */,
			);
			buildRules = (
			);
			dependencies = (
				62EE87BD1BDF679900CDF865 /* PBXTargetDependency */,
			);
			name = UIBezierPathUITests;
			productName = UIBezierPathUITests;
			productReference = 62EE87BB1BDF679900CDF865 /* UIBezierPathUITests.xctest */;
			productType = "com.apple.product-type.bundle.ui-testing";
		};
/* End PBXNativeTarget section */

/* Begin PBXProject section */
		62EE878F1BDF679900CDF865 /* Project object */ = {
			isa = PBXProject;
			attributes = {
				LastUpgradeCheck = 0710;
				ORGANIZATIONNAME = "周武德";
				TargetAttributes = {
					62EE87961BDF679900CDF865 = {
						CreatedOnToolsVersion = 7.1;
						DevelopmentTeam = PRRG298723;
					};
					62EE87AF1BDF679900CDF865 = {
						CreatedOnToolsVersion = 7.1;
						DevelopmentTeam = PRRG298723;
						TestTargetID = 62EE87961BDF679900CDF865;
					};
					62EE87BA1BDF679900CDF865 = {
						CreatedOnToolsVersion = 7.1;
						DevelopmentTeam = PRRG298723;
						TestTargetID = 62EE87961BDF679900CDF865;
					};
				};
			};
			buildConfigurationList = 62EE87921BDF679900CDF865 /* Build configuration list for PBXProject "UIBezierPath" */;
			compatibilityVersion = "Xcode 3.2";
			developmentRegion = English;
			hasScannedForEncodings = 0;
			knownRegions = (
				en,
				Base,
			);
			mainGroup = 62EE878E1BDF679900CDF865;
			productRefGroup = 62EE87981BDF679900CDF865 /* Products */;
			projectDirPath = "";
			projectRoot = "";
			targets = (
				62EE87961BDF679900CDF865 /* UIBezierPath */,
				62EE87AF1BDF679900CDF865 /* UIBezierPathTests */,
				62EE87BA1BDF679900CDF865 /* UIBezierPathUITests */,
			);
		};
/* End PBXProject section */

/* Begin PBXResourcesBuildPhase section */
		62EE87951BDF679900CDF865 /* Resources */ = {
			isa = PBXResourcesBuildPhase;
			buildActionMask = 2147483647;
			files = (
				62EE87AA1BDF679900CDF865 /* LaunchScreen.storyboard in Resources */,
				62EE87A71BDF679900CDF865 /* Assets.xcassets in Resources */,
				62EE87A51BDF679900CDF865 /* Main.storyboard in Resources */,
			);
			runOnlyForDeploymentPostprocessing = 0;
		};
		62EE87AE1BDF679900CDF865 /* Resources */ = {
			isa = PBXResourcesBuildPhase;
			buildActionMask = 2147483647;
			files = (
			);
			runOnlyForDeploymentPostprocessing = 0;
		};
		62EE87B91BDF679900CDF865 /* Resources */ = {
			isa = PBXResourcesBuildPhase;
			buildActionMask = 2147483647;
			files = (
			);
			runOnlyForDeploymentPostprocessing = 0;
		};
/* End PBXResourcesBuildPhase section */

/* Begin PBXSourcesBuildPhase section */
		62EE87931BDF679900CDF865 /* Sources */ = {
			isa = PBXSourcesBuildPhase;
			buildActionMask = 2147483647;
			files = (
				62EE87A21BDF679900CDF865 /* ViewController.m in Sources */,
				62EE879F1BDF679900CDF865 /* AppDelegate.m in Sources */,
				62EE879C1BDF679900CDF865 /* main.m in Sources */,
			);
			runOnlyForDeploymentPostprocessing = 0;
		};
		62EE87AC1BDF679900CDF865 /* Sources */ = {
			isa = PBXSourcesBuildPhase;
			buildActionMask = 2147483647;
			files = (
				62EE87B51BDF679900CDF865 /* UIBezierPathTests.m in Sources */,
			);
			runOnlyForDeploymentPostprocessing = 0;
		};
		62EE87B71BDF679900CDF865 /* Sources */ = {
			isa = PBXSourcesBuildPhase;
			buildActionMask = 2147483647;
			files = (
				62EE87C01BDF679900CDF865 /* UIBezierPathUITests.m in Sources */,
			);
			runOnlyForDeploymentPostprocessing = 0;
		};
/* End PBXSourcesBuildPhase section */

/* Begin PBXTargetDependency section */
		62EE87B21BDF679900CDF865 /* PBXTargetDependency */ = {
			isa = PBXTargetDependency;
			target = 62EE87961BDF679900CDF865 /* UIBezierPath */;
			targetProxy = 62EE87B11BDF679900CDF865 /* PBXContainerItemProxy */;
		};
		62EE87BD1BDF679900CDF865 /* PBXTargetDependency */ = {
			isa = PBXTargetDependency;
			target = 62EE87961BDF679900CDF865 /* UIBezierPath */;
			targetProxy = 62EE87BC1BDF679900CDF865 /* PBXContainerItemProxy */;
		};
/* End PBXTargetDependency section */

/* Begin PBXVariantGroup section */
		62EE87A31BDF679900CDF865 /* Main.storyboard */ = {
			isa = PBXVariantGroup;
			children = (
				62EE87A41BDF679900CDF865 /* Base */,
			);
			name = Main.storyboard;
			sourceTree = "<group>";
		};
		62EE87A81BDF679900CDF865 /* LaunchScreen.storyboard */ = {
			isa = PBXVariantGroup;
			children = (
				62EE87A91BDF679900CDF865 /* Base */,
			);
			name = LaunchScreen.storyboard;
			sourceTree = "<group>";
		};
/* End PBXVariantGroup section */

/* Begin XCBuildConfiguration section */
		62EE87C21BDF679900CDF865 /* Debug */ = {
			isa = XCBuildConfiguration;
			buildSettings = {
				ALWAYS_SEARCH_USER_PATHS = NO;
				CLANG_CXX_LANGUAGE_STANDARD = "gnu++0x";
				CLANG_CXX_LIBRARY = "libc++";
				CLANG_ENABLE_MODULES = YES;
				CLANG_ENABLE_OBJC_ARC = YES;
				CLANG_WARN_BOOL_CONVERSION = YES;
				CLANG_WARN_CONSTANT_CONVERSION = YES;
				CLANG_WARN_DIRECT_OBJC_ISA_USAGE = YES_ERROR;
				CLANG_WARN_EMPTY_BODY = YES;
				CLANG_WARN_ENUM_CONVERSION = YES;
				CLANG_WARN_INT_CONVERSION = YES;
				CLANG_WARN_OBJC_ROOT_CLASS = YES_ERROR;
				CLANG_WARN_UNREACHABLE_CODE = YES;
				CLANG_WARN__DUPLICATE_METHOD_MATCH = YES;
				"CODE_SIGN_IDENTITY[sdk=iphoneos*]" = "iPhone Developer";
				COPY_PHASE_STRIP = NO;
				DEBUG_INFORMATION_FORMAT = dwarf;
				ENABLE_STRICT_OBJC_MSGSEND = YES;
				ENABLE_TESTABILITY = YES;
				GCC_C_LANGUAGE_STANDARD = gnu99;
				GCC_DYNAMIC_NO_PIC = NO;
				GCC_NO_COMMON_BLOCKS = YES;
				GCC_OPTIMIZATION_LEVEL = 0;
				GCC_PREPROCESSOR_DEFINITIONS = (
					"DEBUG=1",
					"$(inherited)",
				);
				GCC_WARN_64_TO_32_BIT_CONVERSION = YES;
				GCC_WARN_ABOUT_RETURN_TYPE = YES_ERROR;
				GCC_WARN_UNDECLARED_SELECTOR = YES;
				GCC_WARN_UNINITIALIZED_AUTOS = YES_AGGRESSIVE;
				GCC_WARN_UNUSED_FUNCTION = YES;
				GCC_WARN_UNUSED_VARIABLE = YES;
				IPHONEOS_DEPLOYMENT_TARGET = 9.1;
				MTL_ENABLE_DEBUG_INFO = YES;
				ONLY_ACTIVE_ARCH = YES;
				SDKROOT = iphoneos;
			};
			name = Debug;
		};
		62EE87C31BDF679900CDF865 /* Release */ = {
			isa = XCBuildConfiguration;
			buildSettings = {
				ALWAYS_SEARCH_USER_PATHS = NO;
				CLANG_CXX_LANGUAGE_STANDARD = "gnu++0x";
				CLANG_CXX_LIBRARY = "libc++";
				CLANG_ENABLE_MODULES = YES;
				CLANG_ENABLE_OBJC_ARC = YES;
				CLANG_WARN_BOOL_CONVERSION = YES;
				CLANG_WARN_CONSTANT_CONVERSION = YES;
				CLANG_WARN_DIRECT_OBJC_ISA_USAGE = YES_ERROR;
				CLANG_WARN_EMPTY_BODY = YES;
				CLANG_WARN_ENUM_CONVERSION = YES;
				CLANG_WARN_INT_CONVERSION = YES;
				CLANG_WARN_OBJC_ROOT_CLASS = YES_ERROR;
				CLANG_WARN_UNREACHABLE_CODE = YES;
				CLANG_WARN__DUPLICATE_METHOD_MATCH = YES;
				"CODE_SIGN_IDENTITY[sdk=iphoneos*]" = "iPhone Developer";
				COPY_PHASE_STRIP = NO;
				DEBUG_INFORMATION_FORMAT = "dwarf-with-dsym";
				ENABLE_NS_ASSERTIONS = NO;
				ENABLE_STRICT_OBJC_MSGSEND = YES;
				GCC_C_LANGUAGE_STANDARD = gnu99;
				GCC_NO_COMMON_BLOCKS = YES;
				GCC_WARN_64_TO_32_BIT_CONVERSION = YES;
				GCC_WARN_ABOUT_RETURN_TYPE = YES_ERROR;
				GCC_WARN_UNDECLARED_SELECTOR = YES;
				GCC_WARN_UNINITIALIZED_AUTOS = YES_AGGRESSIVE;
				GCC_WARN_UNUSED_FUNCTION = YES;
				GCC_WARN_UNUSED_VARIABLE = YES;
				IPHONEOS_DEPLOYMENT_TARGET = 9.1;
				MTL_ENABLE_DEBUG_INFO = NO;
				SDKROOT = iphoneos;
				VALIDATE_PRODUCT = YES;
			};
			name = Release;
		};
		62EE87C51BDF679900CDF865 /* Debug */ = {
			isa = XCBuildConfiguration;
			buildSettings = {
				ASSETCATALOG_COMPILER_APPICON_NAME = AppIcon;
				INFOPLIST_FILE = UIBezierPath/Info.plist;
				LD_RUNPATH_SEARCH_PATHS = "$(inherited) @executable_path/Frameworks";
				PRODUCT_BUNDLE_IDENTIFIER = com.haitang.company.UIBezierPath;
				PRODUCT_NAME = "$(TARGET_NAME)";
			};
			name = Debug;
		};
		62EE87C61BDF679900CDF865 /* Release */ = {
			isa = XCBuildConfiguration;
			buildSettings = {
				ASSETCATALOG_COMPILER_APPICON_NAME = AppIcon;
				INFOPLIST_FILE = UIBezierPath/Info.plist;
				LD_RUNPATH_SEARCH_PATHS = "$(inherited) @executable_path/Frameworks";
				PRODUCT_BUNDLE_IDENTIFIER = com.haitang.company.UIBezierPath;
				PRODUCT_NAME = "$(TARGET_NAME)";
			};
			name = Release;
		};
		62EE87C81BDF679900CDF865 /* Debug */ = {
			isa = XCBuildConfiguration;
			buildSettings = {
				BUNDLE_LOADER = "$(TEST_HOST)";
				INFOPLIST_FILE = UIBezierPathTests/Info.plist;
				LD_RUNPATH_SEARCH_PATHS = "$(inherited) @executable_path/Frameworks @loader_path/Frameworks";
				PRODUCT_BUNDLE_IDENTIFIER = com.haitang.company.UIBezierPathTests;
				PRODUCT_NAME = "$(TARGET_NAME)";
				TEST_HOST = "$(BUILT_PRODUCTS_DIR)/UIBezierPath.app/UIBezierPath";
			};
			name = Debug;
		};
		62EE87C91BDF679900CDF865 /* Release */ = {
			isa = XCBuildConfiguration;
			buildSettings = {
				BUNDLE_LOADER = "$(TEST_HOST)";
				INFOPLIST_FILE = UIBezierPathTests/Info.plist;
				LD_RUNPATH_SEARCH_PATHS = "$(inherited) @executable_path/Frameworks @loader_path/Frameworks";
				PRODUCT_BUNDLE_IDENTIFIER = com.haitang.company.UIBezierPathTests;
				PRODUCT_NAME = "$(TARGET_NAME)";
				TEST_HOST = "$(BUILT_PRODUCTS_DIR)/UIBezierPath.app/UIBezierPath";
			};
			name = Release;
		};
		62EE87CB1BDF679900CDF865 /* Debug */ = {
			isa = XCBuildConfiguration;
			buildSettings = {
				INFOPLIST_FILE = UIBezierPathUITests/Info.plist;
				LD_RUNPATH_SEARCH_PATHS = "$(inherited) @executable_path/Frameworks @loader_path/Frameworks";
				PRODUCT_BUNDLE_IDENTIFIER = com.haitang.company.UIBezierPathUITests;
				PRODUCT_NAME = "$(TARGET_NAME)";
				TEST_TARGET_NAME = UIBezierPath;
				USES_XCTRUNNER = YES;
			};
			name = Debug;
		};
		62EE87CC1BDF679900CDF865 /* Release */ = {
			isa = XCBuildConfiguration;
			buildSettings = {
				INFOPLIST_FILE = UIBezierPathUITests/Info.plist;
				LD_RUNPATH_SEARCH_PATHS = "$(inherited) @executable_path/Frameworks @loader_path/Frameworks";
				PRODUCT_BUNDLE_IDENTIFIER = com.haitang.company.UIBezierPathUITests;
				PRODUCT_NAME = "$(TARGET_NAME)";
				TEST_TARGET_NAME = UIBezierPath;
				USES_XCTRUNNER = YES;
			};
			name = Release;
		};
/* End XCBuildConfiguration section */

/* Begin XCConfigurationList section */
		62EE87921BDF679900CDF865 /* Build configuration list for PBXProject "UIBezierPath" */ = {
			isa = XCConfigurationList;
			buildConfigurations = (
				62EE87C21BDF679900CDF865 /* Debug */,
				62EE87C31BDF679900CDF865 /* Release */,
			);
			defaultConfigurationIsVisible = 0;
			defaultConfigurationName = Release;
		};
		62EE87C41BDF679900CDF865 /* Build configuration list for PBXNativeTarget "UIBezierPath" */ = {
			isa = XCConfigurationList;
			buildConfigurations = (
				62EE87C51BDF679900CDF865 /* Debug */,
				62EE87C61BDF679900CDF865 /* Release */,
			);
			defaultConfigurationIsVisible = 0;
		};
		62EE87C71BDF679900CDF865 /* Build configuration list for PBXNativeTarget "UIBezierPathTests" */ = {
			isa = XCConfigurationList;
			buildConfigurations = (
				62EE87C81BDF679900CDF865 /* Debug */,
				62EE87C91BDF679900CDF865 /* Release */,
			);
			defaultConfigurationIsVisible = 0;
		};
		62EE87CA1BDF679900CDF865 /* Build configuration list for PBXNativeTarget "UIBezierPathUITests" */ = {
			isa = XCConfigurationList;
			buildConfigurations = (
				62EE87CB1BDF679900CDF865 /* Debug */,
				62EE87CC1BDF679900CDF865 /* Release */,
			);
			defaultConfigurationIsVisible = 0;
		};
/* End XCConfigurationList section */
	};
	rootObject = 62EE878F1BDF679900CDF865 /* Project object */;
}
